
Microsoft Visual Studio Solution File, Format Version 12.00
# Visual Studio Version 17
VisualStudioVersion = 17.13.35931.197 d17.13
MinimumVisualStudioVersion = 10.0.40219.1
Project("{FAE04EC0-301F-11D3-BF4B-00C04F79EFBC}") = "BlazorTasker", "BlazorTasker.csproj", "{64D67C8A-14DC-4A64-B50E-40161C4549AD}"
EndProject
Global
	GlobalSection(SolutionConfigurationPlatforms) = preSolution
		Debug|Any CPU = Debug|Any CPU
		Release|Any CPU = Release|Any CPU
	EndGlobalSection
	GlobalSection(ProjectConfigurationPlatforms) = postSolution
		{64D67C8A-14DC-4A64-B50E-40161C4549AD}.Debug|Any CPU.ActiveCfg = Debug|Any CPU
		{64D67C8A-14DC-4A64-B50E-40161C4549AD}.Debug|Any CPU.Build.0 = Debug|Any CPU
		{64D67C8A-14DC-4A64-B50E-40161C4549AD}.Release|Any CPU.ActiveCfg = Release|Any CPU
		{64D67C8A-14DC-4A64-B50E-40161C4549AD}.Release|Any CPU.Build.0 = Release|Any CPU
	EndGlobalSection
	GlobalSection(SolutionProperties) = preSolution
		HideSolutionNode = FALSE
	EndGlobalSection
	GlobalSection(ExtensibilityGlobals) = postSolution
		SolutionGuid = {E45D871B-5599-419C-A824-EAD01F6583CF}
	EndGlobalSection
EndGlobal
